{
    "_readme": [
        "This file locks the dependencies of your project to a known state",
        "Read more about it at https://getcomposer.org/doc/01-basic-usage.md#installing-dependencies",
        "This file is @generated automatically"
    ],
    "content-hash": "a07af5e74816cc19ef82181816186c6e",
    "packages": [
        {
            "name": "cr/hashcli",
            "version": "dev-master",
            "source": {
                "type": "git",
                "url": "https://github.com/DailyMatters/hashCLI.git",
                "reference": "6ab58fab13b9d54c94a764dbf3fa6812b75d14d8"
            },
            "dist": {
                "type": "zip",
                "url": "https://api.github.com/repos/DailyMatters/hashCLI/zipball/6ab58fab13b9d54c94a764dbf3fa6812b75d14d8",
                "reference": "6ab58fab13b9d54c94a764dbf3fa6812b75d14d8",
                "shasum": ""
            },
            "require": {
                "php": ">=5.5"
            },
            "require-dev": {
                "phpunit/phpunit": "^5.7"
            },
            "default-branch": true,
            "bin": [
                "src/hashCLI"
            ],
            "type": "library",
            "autoload": {
                "classmap": [
                    "src/"
                ]
            },
            "notification-url": "https://packagist.org/downloads/",
            "license": [
                "MIT"
            ],
            "authors": [
                {
                    "name": "Cláudio Ribeiro",
                    "email": "claudio.santos.ribeiro@gmail.com"
                }
            ],
            "description": "HashCLI - PHP CLI Tool For hashing",
            "keywords": [
                "cli",
                "hash"
            ],
            "support": {
                "issues": "https://github.com/DailyMatters/hashCLI/issues",
                "source": "https://github.com/DailyMatters/hashCLI/tree/master"
            },
            "time": "2016-12-14T18:39:49+00:00"
        }
    ],
    "packages-dev": [],
    "aliases": [],
    "minimum-stability": "stable",
    "stability-flags": {
        "cr/hashcli": 20
    },
    "prefer-stable": false,
    "prefer-lowest": false,
    "platform": [],
    "platform-dev": [],
    "plugin-api-version": "2.0.0"
}
